// !$*UTF8*$!
{
	archiveVersion = 1;
	classes = {
	};
	objectVersion = 46;
	objects = {

/* Begin PBXBuildFile section */
		92BE68DC1E6544E1006E71FB /* main.m in Sources */ = {isa = PBXBuildFile; fileRef = 92BE68DB1E6544E1006E71FB /* main.m */; };
		92BE68DF1E6544E1006E71FB /* AppDelegate.m in Sources */ = {isa = PBXBuildFile; fileRef = 92BE68DE1E6544E1006E71FB /* AppDelegate.m */; };
		92BE68E21E6544E1006E71FB /* ViewController.m in Sources */ = {isa = PBXBuildFile; fileRef = 92BE68E11E6544E1006E71FB /* ViewController.m */; };
		92BE68E51E6544E1006E71FB /* Main.storyboard in Resources */ = {isa = PBXBuildFile; fileRef = 92BE68E31E6544E1006E71FB /* Main.storyboard */; };
		92BE68E81E6544E1006E71FB /* CoreDataTools.xcdatamodeld in Sources */ = {isa = PBXBuildFile; fileRef = 92BE68E61E6544E1006E71FB /* CoreDataTools.xcdatamodeld */; };
		92BE68EA1E6544E2006E71FB /* Assets.xcassets in Resources */ = {isa = PBXBuildFile; fileRef = 92BE68E91E6544E2006E71FB /* Assets.xcassets */; };
		92BE68ED1E6544E2006E71FB /* LaunchScreen.storyboard in Resources */ = {isa = PBXBuildFile; fileRef = 92BE68EB1E6544E2006E71FB /* LaunchScreen.storyboard */; };
/* End PBXBuildFile section */

/* Begin PBXFileReference section */
		92BE68D71E6544E1006E71FB /* CoreDataTools.app */ = {isa = PBXFileReference; explicitFileType = wrapper.application; includeInIndex = 0; path = CoreDataTools.app; sourceTree = BUILT_PRODUCTS_DIR; };
		92BE68DB1E6544E1006E71FB /* main.m */ = {isa = PBXFileReference; lastKnownFileType = sourcecode.c.objc; path = main.m; sourceTree = "<group>"; };
		92BE68DD1E6544E1006E71FB /* AppDelegate.h */ = {isa = PBXFileReference; lastKnownFileType = sourcecode.c.h; path = AppDelegate.h; sourceTree = "<group>"; };
		92BE68DE1E6544E1006E71FB /* AppDelegate.m */ = {isa = PBXFileReference; lastKnownFileType = sourcecode.c.objc; path = AppDelegate.m; sourceTree = "<group>"; };
		92BE68E01E6544E1006E71FB /* ViewController.h */ = {isa = PBXFileReference; lastKnownFileType = sourcecode.c.h; path = ViewController.h; sourceTree = "<group>"; };
		92BE68E11E6544E1006E71FB /* ViewController.m */ = {isa = PBXFileReference; lastKnownFileType = sourcecode.c.objc; path = ViewController.m; sourceTree = "<group>"; };
		92BE68E41E6544E1006E71FB /* Base */ = {isa = PBXFileReference; lastKnownFileType = file.storyboard; name = Base; path = Base.lproj/Main.storyboard; sourceTree = "<group>"; };
		92BE68E71E6544E1006E71FB /* CoreDataTools.xcdatamodel */ = {isa = PBXFileReference; lastKnownFileType = wrapper.xcdatamodel; path = CoreDataTools.xcdatamodel; sourceTree = "<group>"; };
		92BE68E91E6544E2006E71FB /* Assets.xcassets */ = {isa = PBXFileReference; lastKnownFileType = folder.assetcatalog; path = Assets.xcassets; sourceTree = "<group>"; };
		92BE68EC1E6544E2006E71FB /* Base */ = {isa = PBXFileReference; lastKnownFileType = file.storyboard; name = Base; path = Base.lproj/LaunchScreen.storyboard; sourceTree = "<group>"; };
		92BE68EE1E6544E2006E71FB /* Info.plist */ = {isa = PBXFileReference; lastKnownFileType = text.plist.xml; path = Info.plist; sourceTree = "<group>"; };
/* End PBXFileReference section */

/* Begin PBXFrameworksBuildPhase section */
		92BE68D41E6544E1006E71FB /* Frameworks */ = {
			isa = PBXFrameworksBuildPhase;
			buildActionMask = 2147483647;
			files = (
			);
			runOnlyForDeploymentPostprocessing = 0;
		};
/* End PBXFrameworksBuildPhase section */

/* Begin PBXGroup section */
		92BE68CE1E6544E1006E71FB = {
			isa = PBXGroup;
			children = (
				92BE68D91E6544E1006E71FB /* CoreDataTools */,
				92BE68D81E6544E1006E71FB /* Products */,
			);
			sourceTree = "<group>";
		};
		92BE68D81E6544E1006E71FB /* Products */ = {
			isa = PBXGroup;
			children = (
				92BE68D71E6544E1006E71FB /* CoreDataTools.app */,
			);
			name = Products;
			sourceTree = "<group>";
		};
		92BE68D91E6544E1006E71FB /* CoreDataTools */ = {
			isa = PBXGroup;
			children = (
				92BE68DD1E6544E1006E71FB /* AppDelegate.h */,
				92BE68DE1E6544E1006E71FB /* AppDelegate.m */,
				92BE68E01E6544E1006E71FB /* ViewController.h */,
				92BE68E11E6544E1006E71FB /* ViewController.m */,
				92BE68E31E6544E1006E71FB /* Main.storyboard */,
				92BE68E91E6544E2006E71FB /* Assets.xcassets */,
				92BE68EB1E6544E2006E71FB /* LaunchScreen.storyboard */,
				92BE68EE1E6544E2006E71FB /* Info.plist */,
				92BE68E61E6544E1006E71FB /* CoreDataTools.xcdatamodeld */,
				92BE68DA1E6544E1006E71FB /* Supporting Files */,
			);
			path = CoreDataTools;
			sourceTree = "<group>";
		};
		92BE68DA1E6544E1006E71FB /* Supporting Files */ = {
			isa = PBXGroup;
			children = (
				92BE68DB1E6544E1006E71FB /* main.m */,
			);
			name = "Supporting Files";
			sourceTree = "<group>";
		};
/* End PBXGroup section */

/* Begin PBXNativeTarget section */
		92BE68D61E6544E1006E71FB /* CoreDataTools */ = {
			isa = PBXNativeTarget;
			buildConfigurationList = 92BE68F11E6544E2006E71FB /* Build configuration list for PBXNativeTarget "CoreDataTools" */;
			buildPhases = (
				92BE68D31E6544E1006E71FB /* Sources */,
				92BE68D41E6544E1006E71FB /* Frameworks */,
				92BE68D51E6544E1006E71FB /* Resources */,
			);
			buildRules = (
			);
			dependencies = (
			);
			name = CoreDataTools;
			productName = CoreDataTools;
			productReference = 92BE68D71E6544E1006E71FB /* CoreDataTools.app */;
			productType = "com.apple.product-type.application";
		};
/* End PBXNativeTarget section */

/* Begin PBXProject section */
		92BE68CF1E6544E1006E71FB /* Project object */ = {
			isa = PBXProject;
			attributes = {
				LastUpgradeCheck = 0820;
				ORGANIZATIONNAME = elion;
				TargetAttributes = {
					92BE68D61E6544E1006E71FB = {
						CreatedOnToolsVersion = 8.2.1;
						ProvisioningStyle = Automatic;
					};
				};
			};
			buildConfigurationList = 92BE68D21E6544E1006E71FB /* Build configuration list for PBXProject "CoreDataTools" */;
			compatibilityVersion = "Xcode 3.2";
			developmentRegion = English;
			hasScannedForEncodings = 0;
			knownRegions = (
				en,
				Base,
			);
			mainGroup = 92BE68CE1E6544E1006E71FB;
			productRefGroup = 92BE68D81E6544E1006E71FB /* Products */;
			projectDirPath = "";
			projectRoot = "";
			targets = (
				92BE68D61E6544E1006E71FB /* CoreDataTools */,
			);
		};
/* End PBXProject section */

/* Begin PBXResourcesBuildPhase section */
		92BE68D51E6544E1006E71FB /* Resources */ = {
			isa = PBXResourcesBuildPhase;
			buildActionMask = 2147483647;
			files = (
				92BE68ED1E6544E2006E71FB /* LaunchScreen.storyboard in Resources */,
				92BE68EA1E6544E2006E71FB /* Assets.xcassets in Resources */,
				92BE68E51E6544E1006E71FB /* Main.storyboard in Resources */,
			);
			runOnlyForDeploymentPostprocessing = 0;
		};
/* End PBXResourcesBuildPhase section */

/* Begin PBXSourcesBuildPhase section */
		92BE68D31E6544E1006E71FB /* Sources */ = {
			isa = PBXSourcesBuildPhase;
			buildActionMask = 2147483647;
			files = (
				92BE68E21E6544E1006E71FB /* ViewController.m in Sources */,
				92BE68DF1E6544E1006E71FB /* AppDelegate.m in Sources */,
				92BE68E81E6544E1006E71FB /* CoreDataTools.xcdatamodeld in Sources */,
				92BE68DC1E6544E1006E71FB /* main.m in Sources */,
			);
			runOnlyForDeploymentPostprocessing = 0;
		};
/* End PBXSourcesBuildPhase section */

/* Begin PBXVariantGroup section */
		92BE68E31E6544E1006E71FB /* Main.storyboard */ = {
			isa = PBXVariantGroup;
			children = (
				92BE68E41E6544E1006E71FB /* Base */,
			);
			name = Main.storyboard;
			sourceTree = "<group>";
		};
		92BE68EB1E6544E2006E71FB /* LaunchScreen.storyboard */ = {
			isa = PBXVariantGroup;
			children = (
				92BE68EC1E6544E2006E71FB /* Base */,
			);
			name = LaunchScreen.storyboard;
			sourceTree = "<group>";
		};
/* End PBXVariantGroup section */

/* Begin XCBuildConfiguration section */
		92BE68EF1E6544E2006E71FB /* Debug */ = {
			isa = XCBuildConfiguration;
			buildSettings = {
				ALWAYS_SEARCH_USER_PATHS = NO;
				CLANG_ANALYZER_NONNULL = YES;
				CLANG_CXX_LANGUAGE_STANDARD = "gnu++0x";
				CLANG_CXX_LIBRARY = "libc++";
				CLANG_ENABLE_MODULES = YES;
				CLANG_ENABLE_OBJC_ARC = YES;
				CLANG_WARN_BOOL_CONVERSION = YES;
				CLANG_WARN_CONSTANT_CONVERSION = YES;
				CLANG_WARN_DIRECT_OBJC_ISA_USAGE = YES_ERROR;
				CLANG_WARN_DOCUMENTATION_COMMENTS = YES;
				CLANG_WARN_EMPTY_BODY = YES;
				CLANG_WARN_ENUM_CONVERSION = YES;
				CLANG_WARN_INFINITE_RECURSION = YES;
				CLANG_WARN_INT_CONVERSION = YES;
				CLANG_WARN_OBJC_ROOT_CLASS = YES_ERROR;
				CLANG_WARN_SUSPICIOUS_MOVE = YES;
				CLANG_WARN_UNREACHABLE_CODE = YES;
				CLANG_WARN__DUPLICATE_METHOD_MATCH = YES;
				"CODE_SIGN_IDENTITY[sdk=iphoneos*]" = "iPhone Developer";
				COPY_PHASE_STRIP = NO;
				DEBUG_INFORMATION_FORMAT = dwarf;
				ENABLE_STRICT_OBJC_MSGSEND = YES;
				ENABLE_TESTABILITY = YES;
				GCC_C_LANGUAGE_STANDARD = gnu99;
				GCC_DYNAMIC_NO_PIC = NO;
				GCC_NO_COMMON_BLOCKS = YES;
				GCC_OPTIMIZATION_LEVEL = 0;
				GCC_PREPROCESSOR_DEFINITIONS = (
					"DEBUG=1",
					"$(inherited)",
				);
				GCC_WARN_64_TO_32_BIT_CONVERSION = YES;
				GCC_WARN_ABOUT_RETURN_TYPE = YES_ERROR;
				GCC_WARN_UNDECLARED_SELECTOR = YES;
				GCC_WARN_UNINITIALIZED_AUTOS = YES_AGGRESSIVE;
				GCC_WARN_UNUSED_FUNCTION = YES;
				GCC_WARN_UNUSED_VARIABLE = YES;
				IPHONEOS_DEPLOYMENT_TARGET = 10.2;
				MTL_ENABLE_DEBUG_INFO = YES;
				ONLY_ACTIVE_ARCH = YES;
				SDKROOT = iphoneos;
			};
			name = Debug;
		};
		92BE68F01E6544E2006E71FB /* Release */ = {
			isa = XCBuildConfiguration;
			buildSettings = {
				ALWAYS_SEARCH_USER_PATHS = NO;
				CLANG_ANALYZER_NONNULL = YES;
				CLANG_CXX_LANGUAGE_STANDARD = "gnu++0x";
				CLANG_CXX_LIBRARY = "libc++";
				CLANG_ENABLE_MODULES = YES;
				CLANG_ENABLE_OBJC_ARC = YES;
				CLANG_WARN_BOOL_CONVERSION = YES;
				CLANG_WARN_CONSTANT_CONVERSION = YES;
				CLANG_WARN_DIRECT_OBJC_ISA_USAGE = YES_ERROR;
				CLANG_WARN_DOCUMENTATION_COMMENTS = YES;
				CLANG_WARN_EMPTY_BODY = YES;
				CLANG_WARN_ENUM_CONVERSION = YES;
				CLANG_WARN_INFINITE_RECURSION = YES;
				CLANG_WARN_INT_CONVERSION = YES;
				CLANG_WARN_OBJC_ROOT_CLASS = YES_ERROR;
				CLANG_WARN_SUSPICIOUS_MOVE = YES;
				CLANG_WARN_UNREACHABLE_CODE = YES;
				CLANG_WARN__DUPLICATE_METHOD_MATCH = YES;
				"CODE_SIGN_IDENTITY[sdk=iphoneos*]" = "iPhone Developer";
				COPY_PHASE_STRIP = NO;
				DEBUG_INFORMATION_FORMAT = "dwarf-with-dsym";
				ENABLE_NS_ASSERTIONS = NO;
				ENABLE_STRICT_OBJC_MSGSEND = YES;
				GCC_C_LANGUAGE_STANDARD = gnu99;
				GCC_NO_COMMON_BLOCKS = YES;
				GCC_WARN_64_TO_32_BIT_CONVERSION = YES;
				GCC_WARN_ABOUT_RETURN_TYPE = YES_ERROR;
				GCC_WARN_UNDECLARED_SELECTOR = YES;
				GCC_WARN_UNINITIALIZED_AUTOS = YES_AGGRESSIVE;
				GCC_WARN_UNUSED_FUNCTION = YES;
				GCC_WARN_UNUSED_VARIABLE = YES;
				IPHONEOS_DEPLOYMENT_TARGET = 10.2;
				MTL_ENABLE_DEBUG_INFO = NO;
				SDKROOT = iphoneos;
				VALIDATE_PRODUCT = YES;
			};
			name = Release;
		};
		92BE68F21E6544E2006E71FB /* Debug */ = {
			isa = XCBuildConfiguration;
			buildSettings = {
				ASSETCATALOG_COMPILER_APPICON_NAME = AppIcon;
				INFOPLIST_FILE = CoreDataTools/Info.plist;
				LD_RUNPATH_SEARCH_PATHS = "$(inherited) @executable_path/Frameworks";
				PRODUCT_BUNDLE_IDENTIFIER = cn.com.elion.CoreDataTools;
				PRODUCT_NAME = "$(TARGET_NAME)";
			};
			name = Debug;
		};
		92BE68F31E6544E2006E71FB /* Release */ = {
			isa = XCBuildConfiguration;
			buildSettings = {
				ASSETCATALOG_COMPILER_APPICON_NAME = AppIcon;
				INFOPLIST_FILE = CoreDataTools/Info.plist;
				LD_RUNPATH_SEARCH_PATHS = "$(inherited) @executable_path/Frameworks";
				PRODUCT_BUNDLE_IDENTIFIER = cn.com.elion.CoreDataTools;
				PRODUCT_NAME = "$(TARGET_NAME)";
			};
			name = Release;
		};
/* End XCBuildConfiguration section */

/* Begin XCConfigurationList section */
		92BE68D21E6544E1006E71FB /* Build configuration list for PBXProject "CoreDataTools" */ = {
			isa = XCConfigurationList;
			buildConfigurations = (
				92BE68EF1E6544E2006E71FB /* Debug */,
				92BE68F01E6544E2006E71FB /* Release */,
			);
			defaultConfigurationIsVisible = 0;
			defaultConfigurationName = Release;
		};
		92BE68F11E6544E2006E71FB /* Build configuration list for PBXNativeTarget "CoreDataTools" */ = {
			isa = XCConfigurationList;
			buildConfigurations = (
				92BE68F21E6544E2006E71FB /* Debug */,
				92BE68F31E6544E2006E71FB /* Release */,
			);
			defaultConfigurationIsVisible = 0;
		};
/* End XCConfigurationList section */

/* Begin XCVersionGroup section */
		92BE68E61E6544E1006E71FB /* CoreDataTools.xcdatamodeld */ = {
			isa = XCVersionGroup;
			children = (
				92BE68E71E6544E1006E71FB /* CoreDataTools.xcdatamodel */,
			);
			currentVersion = 92BE68E71E6544E1006E71FB /* CoreDataTools.xcdatamodel */;
			path = CoreDataTools.xcdatamodeld;
			sourceTree = "<group>";
			versionGroupType = wrapper.xcdatamodel;
		};
/* End XCVersionGroup section */
	};
	rootObject = 92BE68CF1E6544E1006E71FB /* Project object */;
}
