// !$*UTF8*$!
{
	archiveVersion = 1;
	classes = {
	};
	objectVersion = 46;
	objects = {

/* Begin PBXBuildFile section */
		924335E81D5B2B6300EAD896 /* StuModel.m in Sources */ = {isa = PBXBuildFile; fileRef = 924335E71D5B2B6300EAD896 /* StuModel.m */; };
		927CC3BD1E1DD3A1000B71FE /* BaseModel.m in Sources */ = {isa = PBXBuildFile; fileRef = 927CC3BC1E1DD3A1000B71FE /* BaseModel.m */; };
		CEFDDBDE1C476DAD007287A1 /* main.m in Sources */ = {isa = PBXBuildFile; fileRef = CEFDDBDD1C476DAD007287A1 /* main.m */; };
		CEFDDBE11C476DAD007287A1 /* AppDelegate.m in Sources */ = {isa = PBXBuildFile; fileRef = CEFDDBE01C476DAD007287A1 /* AppDelegate.m */; };
		CEFDDBE41C476DAD007287A1 /* ViewController.m in Sources */ = {isa = PBXBuildFile; fileRef = CEFDDBE31C476DAD007287A1 /* ViewController.m */; };
		CEFDDBE71C476DAD007287A1 /* Main.storyboard in Resources */ = {isa = PBXBuildFile; fileRef = CEFDDBE51C476DAD007287A1 /* Main.storyboard */; };
		CEFDDBEA1C476DAD007287A1 /* CoroData.xcdatamodeld in Sources */ = {isa = PBXBuildFile; fileRef = CEFDDBE81C476DAD007287A1 /* CoroData.xcdatamodeld */; };
		CEFDDBEC1C476DAD007287A1 /* Assets.xcassets in Resources */ = {isa = PBXBuildFile; fileRef = CEFDDBEB1C476DAD007287A1 /* Assets.xcassets */; };
		CEFDDBEF1C476DAD007287A1 /* LaunchScreen.storyboard in Resources */ = {isa = PBXBuildFile; fileRef = CEFDDBED1C476DAD007287A1 /* LaunchScreen.storyboard */; };
		CEFDDBFA1C476DAD007287A1 /* CoroDataTests.m in Sources */ = {isa = PBXBuildFile; fileRef = CEFDDBF91C476DAD007287A1 /* CoroDataTests.m */; };
		CEFDDC051C476DAD007287A1 /* CoroDataUITests.m in Sources */ = {isa = PBXBuildFile; fileRef = CEFDDC041C476DAD007287A1 /* CoroDataUITests.m */; };
		CEFDDC131C4770F3007287A1 /* CoreData.framework in Frameworks */ = {isa = PBXBuildFile; fileRef = CEFDDC121C4770F3007287A1 /* CoreData.framework */; };
		CEFDDC191C4792CD007287A1 /* CoreDataTools.m in Sources */ = {isa = PBXBuildFile; fileRef = CEFDDC181C4792CD007287A1 /* CoreDataTools.m */; };
		CEFDDC221C47A419007287A1 /* FriendModel.m in Sources */ = {isa = PBXBuildFile; fileRef = CEFDDC211C47A419007287A1 /* FriendModel.m */; };
/* End PBXBuildFile section */

/* Begin PBXContainerItemProxy section */
		CEFDDBF61C476DAD007287A1 /* PBXContainerItemProxy */ = {
			isa = PBXContainerItemProxy;
			containerPortal = CEFDDBD11C476DAD007287A1 /* Project object */;
			proxyType = 1;
			remoteGlobalIDString = CEFDDBD81C476DAD007287A1;
			remoteInfo = CoroData;
		};
		CEFDDC011C476DAD007287A1 /* PBXContainerItemProxy */ = {
			isa = PBXContainerItemProxy;
			containerPortal = CEFDDBD11C476DAD007287A1 /* Project object */;
			proxyType = 1;
			remoteGlobalIDString = CEFDDBD81C476DAD007287A1;
			remoteInfo = CoroData;
		};
/* End PBXContainerItemProxy section */

/* Begin PBXFileReference section */
		924335E61D5B2B6300EAD896 /* StuModel.h */ = {isa = PBXFileReference; fileEncoding = 4; lastKnownFileType = sourcecode.c.h; path = StuModel.h; sourceTree = "<group>"; };
		924335E71D5B2B6300EAD896 /* StuModel.m */ = {isa = PBXFileReference; fileEncoding = 4; lastKnownFileType = sourcecode.c.objc; path = StuModel.m; sourceTree = "<group>"; };
		927CC3BB1E1DD3A1000B71FE /* BaseModel.h */ = {isa = PBXFileReference; fileEncoding = 4; lastKnownFileType = sourcecode.c.h; path = BaseModel.h; sourceTree = "<group>"; };
		927CC3BC1E1DD3A1000B71FE /* BaseModel.m */ = {isa = PBXFileReference; fileEncoding = 4; lastKnownFileType = sourcecode.c.objc; path = BaseModel.m; sourceTree = "<group>"; };
		CEFDDBD91C476DAD007287A1 /* CoroData.app */ = {isa = PBXFileReference; explicitFileType = wrapper.application; includeInIndex = 0; path = CoroData.app; sourceTree = BUILT_PRODUCTS_DIR; };
		CEFDDBDD1C476DAD007287A1 /* main.m */ = {isa = PBXFileReference; lastKnownFileType = sourcecode.c.objc; path = main.m; sourceTree = "<group>"; };
		CEFDDBDF1C476DAD007287A1 /* AppDelegate.h */ = {isa = PBXFileReference; lastKnownFileType = sourcecode.c.h; path = AppDelegate.h; sourceTree = "<group>"; };
		CEFDDBE01C476DAD007287A1 /* AppDelegate.m */ = {isa = PBXFileReference; lastKnownFileType = sourcecode.c.objc; path = AppDelegate.m; sourceTree = "<group>"; };
		CEFDDBE21C476DAD007287A1 /* ViewController.h */ = {isa = PBXFileReference; lastKnownFileType = sourcecode.c.h; path = ViewController.h; sourceTree = "<group>"; };
		CEFDDBE31C476DAD007287A1 /* ViewController.m */ = {isa = PBXFileReference; lastKnownFileType = sourcecode.c.objc; path = ViewController.m; sourceTree = "<group>"; };
		CEFDDBE61C476DAD007287A1 /* Base */ = {isa = PBXFileReference; lastKnownFileType = file.storyboard; name = Base; path = Base.lproj/Main.storyboard; sourceTree = "<group>"; };
		CEFDDBE91C476DAD007287A1 /* CoroData.xcdatamodel */ = {isa = PBXFileReference; lastKnownFileType = wrapper.xcdatamodel; path = CoroData.xcdatamodel; sourceTree = "<group>"; };
		CEFDDBEB1C476DAD007287A1 /* Assets.xcassets */ = {isa = PBXFileReference; lastKnownFileType = folder.assetcatalog; path = Assets.xcassets; sourceTree = "<group>"; };
		CEFDDBEE1C476DAD007287A1 /* Base */ = {isa = PBXFileReference; lastKnownFileType = file.storyboard; name = Base; path = Base.lproj/LaunchScreen.storyboard; sourceTree = "<group>"; };
		CEFDDBF01C476DAD007287A1 /* Info.plist */ = {isa = PBXFileReference; lastKnownFileType = text.plist.xml; path = Info.plist; sourceTree = "<group>"; };
		CEFDDBF51C476DAD007287A1 /* CoroDataTests.xctest */ = {isa = PBXFileReference; explicitFileType = wrapper.cfbundle; includeInIndex = 0; path = CoroDataTests.xctest; sourceTree = BUILT_PRODUCTS_DIR; };
		CEFDDBF91C476DAD007287A1 /* CoroDataTests.m */ = {isa = PBXFileReference; lastKnownFileType = sourcecode.c.objc; path = CoroDataTests.m; sourceTree = "<group>"; };
		CEFDDBFB1C476DAD007287A1 /* Info.plist */ = {isa = PBXFileReference; lastKnownFileType = text.plist.xml; path = Info.plist; sourceTree = "<group>"; };
		CEFDDC001C476DAD007287A1 /* CoroDataUITests.xctest */ = {isa = PBXFileReference; explicitFileType = wrapper.cfbundle; includeInIndex = 0; path = CoroDataUITests.xctest; sourceTree = BUILT_PRODUCTS_DIR; };
		CEFDDC041C476DAD007287A1 /* CoroDataUITests.m */ = {isa = PBXFileReference; lastKnownFileType = sourcecode.c.objc; path = CoroDataUITests.m; sourceTree = "<group>"; };
		CEFDDC061C476DAD007287A1 /* Info.plist */ = {isa = PBXFileReference; lastKnownFileType = text.plist.xml; path = Info.plist; sourceTree = "<group>"; };
		CEFDDC121C4770F3007287A1 /* CoreData.framework */ = {isa = PBXFileReference; lastKnownFileType = wrapper.framework; name = CoreData.framework; path = System/Library/Frameworks/CoreData.framework; sourceTree = SDKROOT; };
		CEFDDC171C4792CD007287A1 /* CoreDataTools.h */ = {isa = PBXFileReference; fileEncoding = 4; lastKnownFileType = sourcecode.c.h; path = CoreDataTools.h; sourceTree = "<group>"; };
		CEFDDC181C4792CD007287A1 /* CoreDataTools.m */ = {isa = PBXFileReference; fileEncoding = 4; lastKnownFileType = sourcecode.c.objc; path = CoreDataTools.m; sourceTree = "<group>"; };
		CEFDDC201C47A419007287A1 /* FriendModel.h */ = {isa = PBXFileReference; fileEncoding = 4; lastKnownFileType = sourcecode.c.h; path = FriendModel.h; sourceTree = "<group>"; };
		CEFDDC211C47A419007287A1 /* FriendModel.m */ = {isa = PBXFileReference; fileEncoding = 4; lastKnownFileType = sourcecode.c.objc; path = FriendModel.m; sourceTree = "<group>"; };
/* End PBXFileReference section */

/* Begin PBXFrameworksBuildPhase section */
		CEFDDBD61C476DAD007287A1 /* Frameworks */ = {
			isa = PBXFrameworksBuildPhase;
			buildActionMask = 2147483647;
			files = (
				CEFDDC131C4770F3007287A1 /* CoreData.framework in Frameworks */,
			);
			runOnlyForDeploymentPostprocessing = 0;
		};
		CEFDDBF21C476DAD007287A1 /* Frameworks */ = {
			isa = PBXFrameworksBuildPhase;
			buildActionMask = 2147483647;
			files = (
			);
			runOnlyForDeploymentPostprocessing = 0;
		};
		CEFDDBFD1C476DAD007287A1 /* Frameworks */ = {
			isa = PBXFrameworksBuildPhase;
			buildActionMask = 2147483647;
			files = (
			);
			runOnlyForDeploymentPostprocessing = 0;
		};
/* End PBXFrameworksBuildPhase section */

/* Begin PBXGroup section */
		CEFDDBD01C476DAD007287A1 = {
			isa = PBXGroup;
			children = (
				CEFDDC121C4770F3007287A1 /* CoreData.framework */,
				CEFDDBDB1C476DAD007287A1 /* CoroData */,
				CEFDDBF81C476DAD007287A1 /* CoroDataTests */,
				CEFDDC031C476DAD007287A1 /* CoroDataUITests */,
				CEFDDBDA1C476DAD007287A1 /* Products */,
			);
			sourceTree = "<group>";
		};
		CEFDDBDA1C476DAD007287A1 /* Products */ = {
			isa = PBXGroup;
			children = (
				CEFDDBD91C476DAD007287A1 /* CoroData.app */,
				CEFDDBF51C476DAD007287A1 /* CoroDataTests.xctest */,
				CEFDDC001C476DAD007287A1 /* CoroDataUITests.xctest */,
			);
			name = Products;
			sourceTree = "<group>";
		};
		CEFDDBDB1C476DAD007287A1 /* CoroData */ = {
			isa = PBXGroup;
			children = (
				CEFDDBDF1C476DAD007287A1 /* AppDelegate.h */,
				CEFDDBE01C476DAD007287A1 /* AppDelegate.m */,
				CEFDDBE21C476DAD007287A1 /* ViewController.h */,
				CEFDDBE31C476DAD007287A1 /* ViewController.m */,
				927CC3BB1E1DD3A1000B71FE /* BaseModel.h */,
				927CC3BC1E1DD3A1000B71FE /* BaseModel.m */,
				924335E61D5B2B6300EAD896 /* StuModel.h */,
				924335E71D5B2B6300EAD896 /* StuModel.m */,
				CEFDDC201C47A419007287A1 /* FriendModel.h */,
				CEFDDC211C47A419007287A1 /* FriendModel.m */,
				CEFDDC171C4792CD007287A1 /* CoreDataTools.h */,
				CEFDDC181C4792CD007287A1 /* CoreDataTools.m */,
				CEFDDBE51C476DAD007287A1 /* Main.storyboard */,
				CEFDDBEB1C476DAD007287A1 /* Assets.xcassets */,
				CEFDDBED1C476DAD007287A1 /* LaunchScreen.storyboard */,
				CEFDDBF01C476DAD007287A1 /* Info.plist */,
				CEFDDBE81C476DAD007287A1 /* CoroData.xcdatamodeld */,
				CEFDDBDC1C476DAD007287A1 /* Supporting Files */,
			);
			path = CoroData;
			sourceTree = "<group>";
		};
		CEFDDBDC1C476DAD007287A1 /* Supporting Files */ = {
			isa = PBXGroup;
			children = (
				CEFDDBDD1C476DAD007287A1 /* main.m */,
			);
			name = "Supporting Files";
			sourceTree = "<group>";
		};
		CEFDDBF81C476DAD007287A1 /* CoroDataTests */ = {
			isa = PBXGroup;
			children = (
				CEFDDBF91C476DAD007287A1 /* CoroDataTests.m */,
				CEFDDBFB1C476DAD007287A1 /* Info.plist */,
			);
			path = CoroDataTests;
			sourceTree = "<group>";
		};
		CEFDDC031C476DAD007287A1 /* CoroDataUITests */ = {
			isa = PBXGroup;
			children = (
				CEFDDC041C476DAD007287A1 /* CoroDataUITests.m */,
				CEFDDC061C476DAD007287A1 /* Info.plist */,
			);
			path = CoroDataUITests;
			sourceTree = "<group>";
		};
/* End PBXGroup section */

/* Begin PBXNativeTarget section */
		CEFDDBD81C476DAD007287A1 /* CoroData */ = {
			isa = PBXNativeTarget;
			buildConfigurationList = CEFDDC091C476DAD007287A1 /* Build configuration list for PBXNativeTarget "CoroData" */;
			buildPhases = (
				CEFDDBD51C476DAD007287A1 /* Sources */,
				CEFDDBD61C476DAD007287A1 /* Frameworks */,
				CEFDDBD71C476DAD007287A1 /* Resources */,
			);
			buildRules = (
			);
			dependencies = (
			);
			name = CoroData;
			productName = CoroData;
			productReference = CEFDDBD91C476DAD007287A1 /* CoroData.app */;
			productType = "com.apple.product-type.application";
		};
		CEFDDBF41C476DAD007287A1 /* CoroDataTests */ = {
			isa = PBXNativeTarget;
			buildConfigurationList = CEFDDC0C1C476DAD007287A1 /* Build configuration list for PBXNativeTarget "CoroDataTests" */;
			buildPhases = (
				CEFDDBF11C476DAD007287A1 /* Sources */,
				CEFDDBF21C476DAD007287A1 /* Frameworks */,
				CEFDDBF31C476DAD007287A1 /* Resources */,
			);
			buildRules = (
			);
			dependencies = (
				CEFDDBF71C476DAD007287A1 /* PBXTargetDependency */,
			);
			name = CoroDataTests;
			productName = CoroDataTests;
			productReference = CEFDDBF51C476DAD007287A1 /* CoroDataTests.xctest */;
			productType = "com.apple.product-type.bundle.unit-test";
		};
		CEFDDBFF1C476DAD007287A1 /* CoroDataUITests */ = {
			isa = PBXNativeTarget;
			buildConfigurationList = CEFDDC0F1C476DAD007287A1 /* Build configuration list for PBXNativeTarget "CoroDataUITests" */;
			buildPhases = (
				CEFDDBFC1C476DAD007287A1 /* Sources */,
				CEFDDBFD1C476DAD007287A1 /* Frameworks */,
				CEFDDBFE1C476DAD007287A1 /* Resources */,
			);
			buildRules = (
			);
			dependencies = (
				CEFDDC021C476DAD007287A1 /* PBXTargetDependency */,
			);
			name = CoroDataUITests;
			productName = CoroDataUITests;
			productReference = CEFDDC001C476DAD007287A1 /* CoroDataUITests.xctest */;
			productType = "com.apple.product-type.bundle.ui-testing";
		};
/* End PBXNativeTarget section */

/* Begin PBXProject section */
		CEFDDBD11C476DAD007287A1 /* Project object */ = {
			isa = PBXProject;
			attributes = {
				LastUpgradeCheck = 0820;
				ORGANIZATIONNAME = xuewei;
				TargetAttributes = {
					CEFDDBD81C476DAD007287A1 = {
						CreatedOnToolsVersion = 7.2;
					};
					CEFDDBF41C476DAD007287A1 = {
						CreatedOnToolsVersion = 7.2;
						TestTargetID = CEFDDBD81C476DAD007287A1;
					};
					CEFDDBFF1C476DAD007287A1 = {
						CreatedOnToolsVersion = 7.2;
						TestTargetID = CEFDDBD81C476DAD007287A1;
					};
				};
			};
			buildConfigurationList = CEFDDBD41C476DAD007287A1 /* Build configuration list for PBXProject "CoroData" */;
			compatibilityVersion = "Xcode 3.2";
			developmentRegion = English;
			hasScannedForEncodings = 0;
			knownRegions = (
				en,
				Base,
			);
			mainGroup = CEFDDBD01C476DAD007287A1;
			productRefGroup = CEFDDBDA1C476DAD007287A1 /* Products */;
			projectDirPath = "";
			projectRoot = "";
			targets = (
				CEFDDBD81C476DAD007287A1 /* CoroData */,
				CEFDDBF41C476DAD007287A1 /* CoroDataTests */,
				CEFDDBFF1C476DAD007287A1 /* CoroDataUITests */,
			);
		};
/* End PBXProject section */

/* Begin PBXResourcesBuildPhase section */
		CEFDDBD71C476DAD007287A1 /* Resources */ = {
			isa = PBXResourcesBuildPhase;
			buildActionMask = 2147483647;
			files = (
				CEFDDBEF1C476DAD007287A1 /* LaunchScreen.storyboard in Resources */,
				CEFDDBEC1C476DAD007287A1 /* Assets.xcassets in Resources */,
				CEFDDBE71C476DAD007287A1 /* Main.storyboard in Resources */,
			);
			runOnlyForDeploymentPostprocessing = 0;
		};
		CEFDDBF31C476DAD007287A1 /* Resources */ = {
			isa = PBXResourcesBuildPhase;
			buildActionMask = 2147483647;
			files = (
			);
			runOnlyForDeploymentPostprocessing = 0;
		};
		CEFDDBFE1C476DAD007287A1 /* Resources */ = {
			isa = PBXResourcesBuildPhase;
			buildActionMask = 2147483647;
			files = (
			);
			runOnlyForDeploymentPostprocessing = 0;
		};
/* End PBXResourcesBuildPhase section */

/* Begin PBXSourcesBuildPhase section */
		CEFDDBD51C476DAD007287A1 /* Sources */ = {
			isa = PBXSourcesBuildPhase;
			buildActionMask = 2147483647;
			files = (
				CEFDDBE41C476DAD007287A1 /* ViewController.m in Sources */,
				CEFDDC221C47A419007287A1 /* FriendModel.m in Sources */,
				927CC3BD1E1DD3A1000B71FE /* BaseModel.m in Sources */,
				924335E81D5B2B6300EAD896 /* StuModel.m in Sources */,
				CEFDDBE11C476DAD007287A1 /* AppDelegate.m in Sources */,
				CEFDDBEA1C476DAD007287A1 /* CoroData.xcdatamodeld in Sources */,
				CEFDDC191C4792CD007287A1 /* CoreDataTools.m in Sources */,
				CEFDDBDE1C476DAD007287A1 /* main.m in Sources */,
			);
			runOnlyForDeploymentPostprocessing = 0;
		};
		CEFDDBF11C476DAD007287A1 /* Sources */ = {
			isa = PBXSourcesBuildPhase;
			buildActionMask = 2147483647;
			files = (
				CEFDDBFA1C476DAD007287A1 /* CoroDataTests.m in Sources */,
			);
			runOnlyForDeploymentPostprocessing = 0;
		};
		CEFDDBFC1C476DAD007287A1 /* Sources */ = {
			isa = PBXSourcesBuildPhase;
			buildActionMask = 2147483647;
			files = (
				CEFDDC051C476DAD007287A1 /* CoroDataUITests.m in Sources */,
			);
			runOnlyForDeploymentPostprocessing = 0;
		};
/* End PBXSourcesBuildPhase section */

/* Begin PBXTargetDependency section */
		CEFDDBF71C476DAD007287A1 /* PBXTargetDependency */ = {
			isa = PBXTargetDependency;
			target = CEFDDBD81C476DAD007287A1 /* CoroData */;
			targetProxy = CEFDDBF61C476DAD007287A1 /* PBXContainerItemProxy */;
		};
		CEFDDC021C476DAD007287A1 /* PBXTargetDependency */ = {
			isa = PBXTargetDependency;
			target = CEFDDBD81C476DAD007287A1 /* CoroData */;
			targetProxy = CEFDDC011C476DAD007287A1 /* PBXContainerItemProxy */;
		};
/* End PBXTargetDependency section */

/* Begin PBXVariantGroup section */
		CEFDDBE51C476DAD007287A1 /* Main.storyboard */ = {
			isa = PBXVariantGroup;
			children = (
				CEFDDBE61C476DAD007287A1 /* Base */,
			);
			name = Main.storyboard;
			sourceTree = "<group>";
		};
		CEFDDBED1C476DAD007287A1 /* LaunchScreen.storyboard */ = {
			isa = PBXVariantGroup;
			children = (
				CEFDDBEE1C476DAD007287A1 /* Base */,
			);
			name = LaunchScreen.storyboard;
			sourceTree = "<group>";
		};
/* End PBXVariantGroup section */

/* Begin XCBuildConfiguration section */
		CEFDDC071C476DAD007287A1 /* Debug */ = {
			isa = XCBuildConfiguration;
			buildSettings = {
				ALWAYS_SEARCH_USER_PATHS = NO;
				CLANG_CXX_LANGUAGE_STANDARD = "gnu++0x";
				CLANG_CXX_LIBRARY = "libc++";
				CLANG_ENABLE_MODULES = YES;
				CLANG_ENABLE_OBJC_ARC = YES;
				CLANG_WARN_BOOL_CONVERSION = YES;
				CLANG_WARN_CONSTANT_CONVERSION = YES;
				CLANG_WARN_DIRECT_OBJC_ISA_USAGE = YES_ERROR;
				CLANG_WARN_EMPTY_BODY = YES;
				CLANG_WARN_ENUM_CONVERSION = YES;
				CLANG_WARN_INFINITE_RECURSION = YES;
				CLANG_WARN_INT_CONVERSION = YES;
				CLANG_WARN_OBJC_ROOT_CLASS = YES_ERROR;
				CLANG_WARN_SUSPICIOUS_MOVE = YES;
				CLANG_WARN_UNREACHABLE_CODE = YES;
				CLANG_WARN__DUPLICATE_METHOD_MATCH = YES;
				"CODE_SIGN_IDENTITY[sdk=iphoneos*]" = "iPhone Developer";
				COPY_PHASE_STRIP = NO;
				DEBUG_INFORMATION_FORMAT = dwarf;
				ENABLE_STRICT_OBJC_MSGSEND = YES;
				ENABLE_TESTABILITY = YES;
				GCC_C_LANGUAGE_STANDARD = gnu99;
				GCC_DYNAMIC_NO_PIC = NO;
				GCC_NO_COMMON_BLOCKS = YES;
				GCC_OPTIMIZATION_LEVEL = 0;
				GCC_PREPROCESSOR_DEFINITIONS = (
					"DEBUG=1",
					"$(inherited)",
				);
				GCC_WARN_64_TO_32_BIT_CONVERSION = YES;
				GCC_WARN_ABOUT_RETURN_TYPE = YES_ERROR;
				GCC_WARN_UNDECLARED_SELECTOR = YES;
				GCC_WARN_UNINITIALIZED_AUTOS = YES_AGGRESSIVE;
				GCC_WARN_UNUSED_FUNCTION = YES;
				GCC_WARN_UNUSED_VARIABLE = YES;
				IPHONEOS_DEPLOYMENT_TARGET = 8.0;
				MTL_ENABLE_DEBUG_INFO = YES;
				ONLY_ACTIVE_ARCH = YES;
				SDKROOT = iphoneos;
			};
			name = Debug;
		};
		CEFDDC081C476DAD007287A1 /* Release */ = {
			isa = XCBuildConfiguration;
			buildSettings = {
				ALWAYS_SEARCH_USER_PATHS = NO;
				CLANG_CXX_LANGUAGE_STANDARD = "gnu++0x";
				CLANG_CXX_LIBRARY = "libc++";
				CLANG_ENABLE_MODULES = YES;
				CLANG_ENABLE_OBJC_ARC = YES;
				CLANG_WARN_BOOL_CONVERSION = YES;
				CLANG_WARN_CONSTANT_CONVERSION = YES;
				CLANG_WARN_DIRECT_OBJC_ISA_USAGE = YES_ERROR;
				CLANG_WARN_EMPTY_BODY = YES;
				CLANG_WARN_ENUM_CONVERSION = YES;
				CLANG_WARN_INFINITE_RECURSION = YES;
				CLANG_WARN_INT_CONVERSION = YES;
				CLANG_WARN_OBJC_ROOT_CLASS = YES_ERROR;
				CLANG_WARN_SUSPICIOUS_MOVE = YES;
				CLANG_WARN_UNREACHABLE_CODE = YES;
				CLANG_WARN__DUPLICATE_METHOD_MATCH = YES;
				"CODE_SIGN_IDENTITY[sdk=iphoneos*]" = "iPhone Developer";
				COPY_PHASE_STRIP = NO;
				DEBUG_INFORMATION_FORMAT = "dwarf-with-dsym";
				ENABLE_NS_ASSERTIONS = NO;
				ENABLE_STRICT_OBJC_MSGSEND = YES;
				GCC_C_LANGUAGE_STANDARD = gnu99;
				GCC_NO_COMMON_BLOCKS = YES;
				GCC_WARN_64_TO_32_BIT_CONVERSION = YES;
				GCC_WARN_ABOUT_RETURN_TYPE = YES_ERROR;
				GCC_WARN_UNDECLARED_SELECTOR = YES;
				GCC_WARN_UNINITIALIZED_AUTOS = YES_AGGRESSIVE;
				GCC_WARN_UNUSED_FUNCTION = YES;
				GCC_WARN_UNUSED_VARIABLE = YES;
				IPHONEOS_DEPLOYMENT_TARGET = 8.0;
				MTL_ENABLE_DEBUG_INFO = NO;
				SDKROOT = iphoneos;
				VALIDATE_PRODUCT = YES;
			};
			name = Release;
		};
		CEFDDC0A1C476DAD007287A1 /* Debug */ = {
			isa = XCBuildConfiguration;
			buildSettings = {
				ASSETCATALOG_COMPILER_APPICON_NAME = AppIcon;
				CODE_SIGN_IDENTITY = "iPhone Developer";
				INFOPLIST_FILE = CoroData/Info.plist;
				IPHONEOS_DEPLOYMENT_TARGET = 8.1;
				LD_RUNPATH_SEARCH_PATHS = "$(inherited) @executable_path/Frameworks";
				ONLY_ACTIVE_ARCH = YES;
				PRODUCT_BUNDLE_IDENTIFIER = com.yxcf.CoroData;
				PRODUCT_NAME = "$(TARGET_NAME)";
			};
			name = Debug;
		};
		CEFDDC0B1C476DAD007287A1 /* Release */ = {
			isa = XCBuildConfiguration;
			buildSettings = {
				ASSETCATALOG_COMPILER_APPICON_NAME = AppIcon;
				CODE_SIGN_IDENTITY = "iPhone Developer";
				INFOPLIST_FILE = CoroData/Info.plist;
				IPHONEOS_DEPLOYMENT_TARGET = 8.1;
				LD_RUNPATH_SEARCH_PATHS = "$(inherited) @executable_path/Frameworks";
				ONLY_ACTIVE_ARCH = YES;
				PRODUCT_BUNDLE_IDENTIFIER = com.yxcf.CoroData;
				PRODUCT_NAME = "$(TARGET_NAME)";
			};
			name = Release;
		};
		CEFDDC0D1C476DAD007287A1 /* Debug */ = {
			isa = XCBuildConfiguration;
			buildSettings = {
				BUNDLE_LOADER = "$(TEST_HOST)";
				INFOPLIST_FILE = CoroDataTests/Info.plist;
				LD_RUNPATH_SEARCH_PATHS = "$(inherited) @executable_path/Frameworks @loader_path/Frameworks";
				PRODUCT_BUNDLE_IDENTIFIER = com.yxcf.CoroDataTests;
				PRODUCT_NAME = "$(TARGET_NAME)";
				TEST_HOST = "$(BUILT_PRODUCTS_DIR)/CoroData.app/CoroData";
			};
			name = Debug;
		};
		CEFDDC0E1C476DAD007287A1 /* Release */ = {
			isa = XCBuildConfiguration;
			buildSettings = {
				BUNDLE_LOADER = "$(TEST_HOST)";
				INFOPLIST_FILE = CoroDataTests/Info.plist;
				LD_RUNPATH_SEARCH_PATHS = "$(inherited) @executable_path/Frameworks @loader_path/Frameworks";
				PRODUCT_BUNDLE_IDENTIFIER = com.yxcf.CoroDataTests;
				PRODUCT_NAME = "$(TARGET_NAME)";
				TEST_HOST = "$(BUILT_PRODUCTS_DIR)/CoroData.app/CoroData";
			};
			name = Release;
		};
		CEFDDC101C476DAD007287A1 /* Debug */ = {
			isa = XCBuildConfiguration;
			buildSettings = {
				INFOPLIST_FILE = CoroDataUITests/Info.plist;
				LD_RUNPATH_SEARCH_PATHS = "$(inherited) @executable_path/Frameworks @loader_path/Frameworks";
				PRODUCT_BUNDLE_IDENTIFIER = com.yxcf.CoroDataUITests;
				PRODUCT_NAME = "$(TARGET_NAME)";
				TEST_TARGET_NAME = CoroData;
				USES_XCTRUNNER = YES;
			};
			name = Debug;
		};
		CEFDDC111C476DAD007287A1 /* Release */ = {
			isa = XCBuildConfiguration;
			buildSettings = {
				INFOPLIST_FILE = CoroDataUITests/Info.plist;
				LD_RUNPATH_SEARCH_PATHS = "$(inherited) @executable_path/Frameworks @loader_path/Frameworks";
				PRODUCT_BUNDLE_IDENTIFIER = com.yxcf.CoroDataUITests;
				PRODUCT_NAME = "$(TARGET_NAME)";
				TEST_TARGET_NAME = CoroData;
				USES_XCTRUNNER = YES;
			};
			name = Release;
		};
/* End XCBuildConfiguration section */

/* Begin XCConfigurationList section */
		CEFDDBD41C476DAD007287A1 /* Build configuration list for PBXProject "CoroData" */ = {
			isa = XCConfigurationList;
			buildConfigurations = (
				CEFDDC071C476DAD007287A1 /* Debug */,
				CEFDDC081C476DAD007287A1 /* Release */,
			);
			defaultConfigurationIsVisible = 0;
			defaultConfigurationName = Release;
		};
		CEFDDC091C476DAD007287A1 /* Build configuration list for PBXNativeTarget "CoroData" */ = {
			isa = XCConfigurationList;
			buildConfigurations = (
				CEFDDC0A1C476DAD007287A1 /* Debug */,
				CEFDDC0B1C476DAD007287A1 /* Release */,
			);
			defaultConfigurationIsVisible = 0;
			defaultConfigurationName = Release;
		};
		CEFDDC0C1C476DAD007287A1 /* Build configuration list for PBXNativeTarget "CoroDataTests" */ = {
			isa = XCConfigurationList;
			buildConfigurations = (
				CEFDDC0D1C476DAD007287A1 /* Debug */,
				CEFDDC0E1C476DAD007287A1 /* Release */,
			);
			defaultConfigurationIsVisible = 0;
			defaultConfigurationName = Release;
		};
		CEFDDC0F1C476DAD007287A1 /* Build configuration list for PBXNativeTarget "CoroDataUITests" */ = {
			isa = XCConfigurationList;
			buildConfigurations = (
				CEFDDC101C476DAD007287A1 /* Debug */,
				CEFDDC111C476DAD007287A1 /* Release */,
			);
			defaultConfigurationIsVisible = 0;
			defaultConfigurationName = Release;
		};
/* End XCConfigurationList section */

/* Begin XCVersionGroup section */
		CEFDDBE81C476DAD007287A1 /* CoroData.xcdatamodeld */ = {
			isa = XCVersionGroup;
			children = (
				CEFDDBE91C476DAD007287A1 /* CoroData.xcdatamodel */,
			);
			currentVersion = CEFDDBE91C476DAD007287A1 /* CoroData.xcdatamodel */;
			path = CoroData.xcdatamodeld;
			sourceTree = "<group>";
			versionGroupType = wrapper.xcdatamodel;
		};
/* End XCVersionGroup section */
	};
	rootObject = CEFDDBD11C476DAD007287A1 /* Project object */;
}
